
Microsoft Visual Studio Solution File, Format Version 12.00
# Visual Studio Version 17
VisualStudioVersion = 17.11.35312.102
MinimumVisualStudioVersion = 10.0.40219.1
Project("{9A19103F-16F7-4668-BE54-9A1E7A4F7556}") = "WebAppGiftOfTheGivers", "WebAppGiftOfTheGivers\WebAppGiftOfTheGivers.csproj", "{0A85D505-133E-49FB-BDA3-93B84285A616}"
EndProject
Project("{9A19103F-16F7-4668-BE54-9A1E7A4F7556}") = "WebAppGiftOfTheGiversTest", "WebAppGiftOfTheGiversTest\WebAppGiftOfTheGiversTest.csproj", "{1C4F9572-7249-491C-8E60-0452B469DA2F}"
EndProject
Project("{FAE04EC0-301F-11D3-BF4B-00C04F79EFBC}") = "WebAndLoadTestProject1", "WebAndLoadTestProject1\WebAndLoadTestProject1.csproj", "{3978CB8D-602E-42A4-8BF8-AC25C6C5297E}"
EndProject
Project("{2150E333-8FDC-42A3-9474-1A3956D46DE8}") = "Solution Items", "Solution Items", "{6F1CD639-BC71-4E5B-B233-022C5CA2CA07}"
	ProjectSection(SolutionItems) = preProject
		Local.testsettings = Local.testsettings
	EndProjectSection
EndProject
Project("{FAE04EC0-301F-11D3-BF4B-00C04F79EFBC}") = "UI Testing", "UI Testing\UI Testing.csproj", "{D53D113C-5347-43D7-89FA-1DD815502FD2}"
EndProject
Global
	GlobalSection(SolutionConfigurationPlatforms) = preSolution
		Debug|Any CPU = Debug|Any CPU
		Release|Any CPU = Release|Any CPU
	EndGlobalSection
	GlobalSection(ProjectConfigurationPlatforms) = postSolution
		{0A85D505-133E-49FB-BDA3-93B84285A616}.Debug|Any CPU.ActiveCfg = Debug|Any CPU
		{0A85D505-133E-49FB-BDA3-93B84285A616}.Debug|Any CPU.Build.0 = Debug|Any CPU
		{0A85D505-133E-49FB-BDA3-93B84285A616}.Release|Any CPU.ActiveCfg = Release|Any CPU
		{0A85D505-133E-49FB-BDA3-93B84285A616}.Release|Any CPU.Build.0 = Release|Any CPU
		{1C4F9572-7249-491C-8E60-0452B469DA2F}.Debug|Any CPU.ActiveCfg = Debug|Any CPU
		{1C4F9572-7249-491C-8E60-0452B469DA2F}.Debug|Any CPU.Build.0 = Debug|Any CPU
		{1C4F9572-7249-491C-8E60-0452B469DA2F}.Release|Any CPU.ActiveCfg = Release|Any CPU
		{1C4F9572-7249-491C-8E60-0452B469DA2F}.Release|Any CPU.Build.0 = Release|Any CPU
		{3978CB8D-602E-42A4-8BF8-AC25C6C5297E}.Debug|Any CPU.ActiveCfg = Debug|Any CPU
		{3978CB8D-602E-42A4-8BF8-AC25C6C5297E}.Debug|Any CPU.Build.0 = Debug|Any CPU
		{3978CB8D-602E-42A4-8BF8-AC25C6C5297E}.Release|Any CPU.ActiveCfg = Release|Any CPU
		{3978CB8D-602E-42A4-8BF8-AC25C6C5297E}.Release|Any CPU.Build.0 = Release|Any CPU
		{D53D113C-5347-43D7-89FA-1DD815502FD2}.Debug|Any CPU.ActiveCfg = Debug|Any CPU
		{D53D113C-5347-43D7-89FA-1DD815502FD2}.Debug|Any CPU.Build.0 = Debug|Any CPU
		{D53D113C-5347-43D7-89FA-1DD815502FD2}.Release|Any CPU.ActiveCfg = Release|Any CPU
		{D53D113C-5347-43D7-89FA-1DD815502FD2}.Release|Any CPU.Build.0 = Release|Any CPU
	EndGlobalSection
	GlobalSection(SolutionProperties) = preSolution
		HideSolutionNode = FALSE
	EndGlobalSection
	GlobalSection(ExtensibilityGlobals) = postSolution
		SolutionGuid = {192279B1-0E21-486B-8577-3E8C123E9995}
	EndGlobalSection
EndGlobal
